
Microsoft Visual Studio Solution File, Format Version 12.00
# Visual Studio 2013
VisualStudioVersion = 12.0.21005.1
MinimumVisualStudioVersion = 10.0.40219.1
Project("{FAE04EC0-301F-11D3-BF4B-00C04F79EFBC}") = "Presentation", "Presentation\Presentation.csproj", "{8CAD40D0-8E10-4DCC-8348-BE055ED6FF2E}"
EndProject
Project("{FAE04EC0-301F-11D3-BF4B-00C04F79EFBC}") = "Application", "Application\Application.csproj", "{3C091157-061A-410D-B190-7DF8F964A096}"
EndProject
Project("{FAE04EC0-301F-11D3-BF4B-00C04F79EFBC}") = "Persistence", "Persistence\Persistence.csproj", "{862E7D9D-6647-4A6C-9550-08C44DE0D6D6}"
EndProject
Project("{FAE04EC0-301F-11D3-BF4B-00C04F79EFBC}") = "Infrastructure", "Infrastructure\Infrastructure.csproj", "{39F4FAFC-493B-40C0-9C09-6DC798B5E73F}"
EndProject
Project("{FAE04EC0-301F-11D3-BF4B-00C04F79EFBC}") = "Domain", "Domain\Domain.csproj", "{57ABF3D5-5916-41D3-80D2-7426E33C04FE}"
EndProject
Global
	GlobalSection(SolutionConfigurationPlatforms) = preSolution
		Debug|Any CPU = Debug|Any CPU
		Release|Any CPU = Release|Any CPU
	EndGlobalSection
	GlobalSection(ProjectConfigurationPlatforms) = postSolution
		{8CAD40D0-8E10-4DCC-8348-BE055ED6FF2E}.Debug|Any CPU.ActiveCfg = Debug|Any CPU
		{8CAD40D0-8E10-4DCC-8348-BE055ED6FF2E}.Debug|Any CPU.Build.0 = Debug|Any CPU
		{8CAD40D0-8E10-4DCC-8348-BE055ED6FF2E}.Release|Any CPU.ActiveCfg = Release|Any CPU
		{8CAD40D0-8E10-4DCC-8348-BE055ED6FF2E}.Release|Any CPU.Build.0 = Release|Any CPU
		{3C091157-061A-410D-B190-7DF8F964A096}.Debug|Any CPU.ActiveCfg = Debug|Any CPU
		{3C091157-061A-410D-B190-7DF8F964A096}.Debug|Any CPU.Build.0 = Debug|Any CPU
		{3C091157-061A-410D-B190-7DF8F964A096}.Release|Any CPU.ActiveCfg = Release|Any CPU
		{3C091157-061A-410D-B190-7DF8F964A096}.Release|Any CPU.Build.0 = Release|Any CPU
		{862E7D9D-6647-4A6C-9550-08C44DE0D6D6}.Debug|Any CPU.ActiveCfg = Debug|Any CPU
		{862E7D9D-6647-4A6C-9550-08C44DE0D6D6}.Debug|Any CPU.Build.0 = Debug|Any CPU
		{862E7D9D-6647-4A6C-9550-08C44DE0D6D6}.Release|Any CPU.ActiveCfg = Release|Any CPU
		{862E7D9D-6647-4A6C-9550-08C44DE0D6D6}.Release|Any CPU.Build.0 = Release|Any CPU
		{39F4FAFC-493B-40C0-9C09-6DC798B5E73F}.Debug|Any CPU.ActiveCfg = Debug|Any CPU
		{39F4FAFC-493B-40C0-9C09-6DC798B5E73F}.Debug|Any CPU.Build.0 = Debug|Any CPU
		{39F4FAFC-493B-40C0-9C09-6DC798B5E73F}.Release|Any CPU.ActiveCfg = Release|Any CPU
		{39F4FAFC-493B-40C0-9C09-6DC798B5E73F}.Release|Any CPU.Build.0 = Release|Any CPU
		{57ABF3D5-5916-41D3-80D2-7426E33C04FE}.Debug|Any CPU.ActiveCfg = Debug|Any CPU
		{57ABF3D5-5916-41D3-80D2-7426E33C04FE}.Debug|Any CPU.Build.0 = Debug|Any CPU
		{57ABF3D5-5916-41D3-80D2-7426E33C04FE}.Release|Any CPU.ActiveCfg = Release|Any CPU
		{57ABF3D5-5916-41D3-80D2-7426E33C04FE}.Release|Any CPU.Build.0 = Release|Any CPU
	EndGlobalSection
	GlobalSection(SolutionProperties) = preSolution
		HideSolutionNode = FALSE
	EndGlobalSection
EndGlobal
